
Microsoft Visual Studio Solution File, Format Version 12.00
# Visual Studio Version 17
VisualStudioVersion = 17.14.36301.6 d17.14
MinimumVisualStudioVersion = 10.0.40219.1
Project("{FAE04EC0-301F-11D3-BF4B-00C04F79EFBC}") = "RazorPagesMovie", "RazorPagesMovie\RazorPagesMovie.csproj", "{0753DB44-5EB8-488C-9689-D79278929BAD}"
EndProject
Global
	GlobalSection(SolutionConfigurationPlatforms) = preSolution
		Debug|Any CPU = Debug|Any CPU
		Release|Any CPU = Release|Any CPU
	EndGlobalSection
	GlobalSection(ProjectConfigurationPlatforms) = postSolution
		{0753DB44-5EB8-488C-9689-D79278929BAD}.Debug|Any CPU.ActiveCfg = Debug|Any CPU
		{0753DB44-5EB8-488C-9689-D79278929BAD}.Debug|Any CPU.Build.0 = Debug|Any CPU
		{0753DB44-5EB8-488C-9689-D79278929BAD}.Release|Any CPU.ActiveCfg = Release|Any CPU
		{0753DB44-5EB8-488C-9689-D79278929BAD}.Release|Any CPU.Build.0 = Release|Any CPU
	EndGlobalSection
	GlobalSection(SolutionProperties) = preSolution
		HideSolutionNode = FALSE
	EndGlobalSection
	GlobalSection(ExtensibilityGlobals) = postSolution
		SolutionGuid = {E12D5CB9-1C0B-4F6B-93D1-533682E0773F}
	EndGlobalSection
EndGlobal
